
Microsoft Visual Studio Solution File, Format Version 12.00
# Visual Studio Version 17
VisualStudioVersion = 17.4.33103.184
MinimumVisualStudioVersion = 10.0.40219.1
Project("{FAE04EC0-301F-11D3-BF4B-00C04F79EFBC}") = "RevitRunner", "RevitRunner\RevitRunner.csproj", "{F6B4929E-8753-4512-B912-9EEA39A242F9}"
EndProject
Project("{FAE04EC0-301F-11D3-BF4B-00C04F79EFBC}") = "journale_cleaner", "journale_cleaner\journale_cleaner.csproj", "{1BACCD86-C912-47CB-94CA-6AAC950B2EA4}"
EndProject
Global
	GlobalSection(SolutionConfigurationPlatforms) = preSolution
		Debug|Any CPU = Debug|Any CPU
		Release|Any CPU = Release|Any CPU
	EndGlobalSection
	GlobalSection(ProjectConfigurationPlatforms) = postSolution
		{F6B4929E-8753-4512-B912-9EEA39A242F9}.Debug|Any CPU.ActiveCfg = Debug|Any CPU
		{F6B4929E-8753-4512-B912-9EEA39A242F9}.Debug|Any CPU.Build.0 = Debug|Any CPU
		{F6B4929E-8753-4512-B912-9EEA39A242F9}.Release|Any CPU.ActiveCfg = Release|Any CPU
		{F6B4929E-8753-4512-B912-9EEA39A242F9}.Release|Any CPU.Build.0 = Release|Any CPU
		{1BACCD86-C912-47CB-94CA-6AAC950B2EA4}.Debug|Any CPU.ActiveCfg = Debug|Any CPU
		{1BACCD86-C912-47CB-94CA-6AAC950B2EA4}.Debug|Any CPU.Build.0 = Debug|Any CPU
		{1BACCD86-C912-47CB-94CA-6AAC950B2EA4}.Release|Any CPU.ActiveCfg = Release|Any CPU
		{1BACCD86-C912-47CB-94CA-6AAC950B2EA4}.Release|Any CPU.Build.0 = Release|Any CPU
	EndGlobalSection
	GlobalSection(SolutionProperties) = preSolution
		HideSolutionNode = FALSE
	EndGlobalSection
	GlobalSection(ExtensibilityGlobals) = postSolution
		SolutionGuid = {A6CD440A-BF77-4EFD-BCCF-073130364394}
	EndGlobalSection
EndGlobal
